
Microsoft Visual Studio Solution File, Format Version 12.00
# Visual Studio 15
VisualStudioVersion = 15.0.27703.2000
MinimumVisualStudioVersion = 10.0.40219.1
Project("{FAE04EC0-301F-11D3-BF4B-00C04F79EFBC}") = "Assignment_2", "Assignment_2\Assignment_2.csproj", "{EBD1D82B-9D4F-4927-8C0B-286A21388373}"
EndProject
Project("{FAE04EC0-301F-11D3-BF4B-00C04F79EFBC}") = "Assignment_2_Triangle_Test_Case", "Assignment_2_Triangle_Test_Case\Assignment_2_Triangle_Test_Case.csproj", "{7D3B4040-EC11-41E9-AF60-BD0CBE95337C}"
EndProject
Global
	GlobalSection(SolutionConfigurationPlatforms) = preSolution
		Debug|Any CPU = Debug|Any CPU
		Release|Any CPU = Release|Any CPU
	EndGlobalSection
	GlobalSection(ProjectConfigurationPlatforms) = postSolution
		{EBD1D82B-9D4F-4927-8C0B-286A21388373}.Debug|Any CPU.ActiveCfg = Debug|Any CPU
		{EBD1D82B-9D4F-4927-8C0B-286A21388373}.Debug|Any CPU.Build.0 = Debug|Any CPU
		{EBD1D82B-9D4F-4927-8C0B-286A21388373}.Release|Any CPU.ActiveCfg = Release|Any CPU
		{EBD1D82B-9D4F-4927-8C0B-286A21388373}.Release|Any CPU.Build.0 = Release|Any CPU
		{7D3B4040-EC11-41E9-AF60-BD0CBE95337C}.Debug|Any CPU.ActiveCfg = Debug|Any CPU
		{7D3B4040-EC11-41E9-AF60-BD0CBE95337C}.Debug|Any CPU.Build.0 = Debug|Any CPU
		{7D3B4040-EC11-41E9-AF60-BD0CBE95337C}.Release|Any CPU.ActiveCfg = Release|Any CPU
		{7D3B4040-EC11-41E9-AF60-BD0CBE95337C}.Release|Any CPU.Build.0 = Release|Any CPU
	EndGlobalSection
	GlobalSection(SolutionProperties) = preSolution
		HideSolutionNode = FALSE
	EndGlobalSection
	GlobalSection(ExtensibilityGlobals) = postSolution
		SolutionGuid = {23292335-6A7B-4D8E-9161-61894F17E34A}
	EndGlobalSection
EndGlobal
